
Microsoft Visual Studio Solution File, Format Version 12.00
# Blend for Visual Studio 15
VisualStudioVersion = 15.0.28010.2041
MinimumVisualStudioVersion = 10.0.40219.1
Project("{FAE04EC0-301F-11D3-BF4B-00C04F79EFBC}") = "Schedule", "Schedule\Schedule.csproj", "{0375D66A-F8DC-4F78-A0B8-7A14AA7B7458}"
EndProject
Global
	GlobalSection(SolutionConfigurationPlatforms) = preSolution
		Debug|Any CPU = Debug|Any CPU
		Release|Any CPU = Release|Any CPU
	EndGlobalSection
	GlobalSection(ProjectConfigurationPlatforms) = postSolution
		{0375D66A-F8DC-4F78-A0B8-7A14AA7B7458}.Debug|Any CPU.ActiveCfg = Debug|Any CPU
		{0375D66A-F8DC-4F78-A0B8-7A14AA7B7458}.Debug|Any CPU.Build.0 = Debug|Any CPU
		{0375D66A-F8DC-4F78-A0B8-7A14AA7B7458}.Release|Any CPU.ActiveCfg = Release|Any CPU
		{0375D66A-F8DC-4F78-A0B8-7A14AA7B7458}.Release|Any CPU.Build.0 = Release|Any CPU
	EndGlobalSection
	GlobalSection(SolutionProperties) = preSolution
		HideSolutionNode = FALSE
	EndGlobalSection
	GlobalSection(ExtensibilityGlobals) = postSolution
		SolutionGuid = {A7917156-1E35-4357-813B-A5C4F7C32E34}
	EndGlobalSection
EndGlobal
